hash: 15af238deb022e053e01a7acde2f3dd15dca19e22ada7d0d12371c37b09a9ba5
updated: 2016-12-28T21:01:54.120464562-05:00
imports:
- name: github.com/alecthomas/template
  version: a0175ee3bccc567396460bf5acd36800cb10c49c
  subpackages:
  - parse
- name: github.com/alecthomas/units
  version: 2efee857e7cfd4f3d0138cc3cbb1b4966962b93a
- name: github.com/andybalholm/cascadia
  version: 349dd0209470eabd9514242c688c403c0926d266
- name: github.com/boltdb/bolt
  version: 583e8937c61f1af6513608ccc75c97b6abdf4ff9
- name: github.com/BurntSushi/toml
  version: 99064174e013895bbd9b025c31100bd1d9b590ca
- name: github.com/gin-gonic/gin
  version: 9163ee543d3f1fab9b0ad8cdf6dc2a6ec2c07dbb
  subpackages:
  - binding
  - render
- name: github.com/gogo/protobuf
  version: 909568be09de550ed094403c2bf8a261b5bb730a
  subpackages:
  - proto
  - jsonpb
- name: github.com/jmoiron/sqlx
  version: cac998c4f0959c19c638c523e374fa8e4e0bcfe3
  subpackages:
  - reflectx
- name: github.com/jpillora/backoff
  version: f24585d1c70490c0920ab34924f54f726e1416c7
- name: github.com/kelseyhightower/envconfig
  version: 5c008110b20b657eb7e005b83d0a5f6aa6bb5f4b
- name: github.com/lib/pq
  version: 5bf161122cd640c2a5a2c1d7fa49ea9befff31dd
  subpackages:
  - oid
- name: github.com/manucorporat/sse
  version: c574f6c50c8594f93d28b03a1bbd87b4a3899093
- name: github.com/mattn/go-colorable
  version: 043ae16291351db8465272edf465c9f388161627
- name: github.com/mattn/go-isatty
  version: 30a891c33c7cde7b02a981314b4228ec99380cca
- name: github.com/mattn/go-xmpp
  version: f4550b5399387339df5ce4c3f88c1ef85333bdd5
- name: github.com/pborman/uuid
  version: 5007efa264d92316c43112bc573e754bc889b7b1
- name: github.com/pkg/errors
  version: 248dadf4e9068a0b3e79f02ed0a610d935de5302
- name: github.com/pquerna/ffjson
  version: c24ab9baf274473906fbdba5fccb594aec4b9ff1
  subpackages:
  - ffjson
  - fflib/v1
  - fflib/v1/internal
- name: github.com/PuerkitoBio/goquery
  version: 56a198aba89cdf7a612e6c762eff9d788b9f2dae
- name: github.com/robfig/go-cache
  version: 9fc39e0dbf62c034ec4e45e6120fc69433a3ec51
- name: github.com/satori/go.uuid
  version: b061729afc07e77a8aa4fad0a2fd840958f1942a
- name: github.com/Sirupsen/logrus
  version: d26492970760ca5d33129d2d799e34be5c4782eb
- name: github.com/tevjef/go-gcm
  version: 2f9e2682fa1359ee803b0d73065a6ffec6158b1c
- name: github.com/tevjef/go-runtime-metrics
  version: 3bcd2555120bf883362bc42b07ae13b1f513425f
  subpackages:
  - expvar
  - influxdb
  - collector
- name: golang.org/x/exp
  version: 03962049e143533dbf9467cffb8a52a15595b718
  subpackages:
  - utf8string
- name: golang.org/x/net
  version: 84ba27dd5b2d8135e9da1395277f2c9333a2ffda
  subpackages:
  - context
  - html
  - html/atom
- name: golang.org/x/sys
  version: d75a52659825e75fff6158388dddc6a5b04f9ba5
  subpackages:
  - unix
- name: gopkg.in/alecthomas/kingpin.v2
  version: e9044be3ab2a8e11d4e1f418d12f0790d57e8d70
- name: gopkg.in/bluesuncorp/validator.v5
  version: d5acf1dac43705f8bfbb71d878e290e2bed3950b
- name: gopkg.in/redis.v5
  version: b7bae3a78050e2e7ec2130a05cde296a9ff2e9c0
  subpackages:
  - internal
  - internal/consistenthash
  - internal/hashtag
  - internal/pool
  - internal/proto
testImports:
- name: github.com/davecgh/go-spew
  version: 6d212800a42e8ab5c146b8ace3490ee17e5225f9
  subpackages:
  - spew
- name: github.com/pmezard/go-difflib
  version: d8ed2627bdf02c080bf22230dbb337003b7aba2d
  subpackages:
  - difflib
- name: github.com/stretchr/testify
  version: 69483b4bd14f5845b5a1e55bca19e954e827f1d0
  subpackages:
  - assert
