hash: 45a3c6f7f33222f2cfb17746965e8771a944c20c34a76b3553c3820383ad4b90
updated: 2016-11-28T22:53:48.846539455-05:00
imports:
- name: github.com/alecthomas/template
  version: a0175ee3bccc567396460bf5acd36800cb10c49c
  subpackages:
  - parse
- name: github.com/alecthomas/units
  version: 2efee857e7cfd4f3d0138cc3cbb1b4966962b93a
- name: github.com/boltdb/bolt
  version: 583e8937c61f1af6513608ccc75c97b6abdf4ff9
- name: github.com/BurntSushi/toml
  version: 99064174e013895bbd9b025c31100bd1d9b590ca
- name: github.com/gin-gonic/gin
  version: 9163ee543d3f1fab9b0ad8cdf6dc2a6ec2c07dbb
  subpackages:
  - binding
  - render
- name: github.com/gogo/protobuf
  version: 909568be09de550ed094403c2bf8a261b5bb730a
  subpackages:
  - proto
  - jsonpb
- name: github.com/jmoiron/sqlx
  version: f71d5ee01769df469d115332106ef504ded071dc
  subpackages:
  - reflectx
- name: github.com/jpillora/backoff
  version: a6f64285fd4072883335339357436b78d62c96a4
- name: github.com/kelseyhightower/envconfig
  version: 9aca109c9aec4633fced9717c4a09ecab3d33111
- name: github.com/lib/pq
  version: d8eeeb8bae8896dd8e1b7e514ab0d396c4f12a1b
  subpackages:
  - oid
- name: github.com/manucorporat/sse
  version: c574f6c50c8594f93d28b03a1bbd87b4a3899093
- name: github.com/mattn/go-colorable
  version: 043ae16291351db8465272edf465c9f388161627
- name: github.com/mattn/go-isatty
  version: 30a891c33c7cde7b02a981314b4228ec99380cca
- name: github.com/mattn/go-xmpp
  version: f4550b5399387339df5ce4c3f88c1ef85333bdd5
- name: github.com/pborman/uuid
  version: 3d4f2ba23642d3cfd06bd4b54cf03d99d95c0f1b
- name: github.com/pkg/errors
  version: 248dadf4e9068a0b3e79f02ed0a610d935de5302
- name: github.com/pquerna/ffjson
  version: a29c662791e4de7fc53a6cf209c9af657bba96f3
  subpackages:
  - ffjson
  - fflib/v1
  - fflib/v1/internal
- name: github.com/PuerkitoBio/goquery
  version: 56a198aba89cdf7a612e6c762eff9d788b9f2dae
- name: github.com/robfig/go-cache
  version: 9fc39e0dbf62c034ec4e45e6120fc69433a3ec51
- name: github.com/satori/go.uuid
  version: b061729afc07e77a8aa4fad0a2fd840958f1942a
- name: github.com/Sirupsen/logrus
  version: d26492970760ca5d33129d2d799e34be5c4782eb
- name: github.com/tevjef/go-gcm
  version: 2f9e2682fa1359ee803b0d73065a6ffec6158b1c
- name: golang.org/x/exp
  version: 03962049e143533dbf9467cffb8a52a15595b718
  subpackages:
  - utf8string
- name: golang.org/x/net
  version: 4971afdc2f162e82d185353533d3cf16188a9f4e
  subpackages:
  - context
- name: golang.org/x/sys
  version: 30237cf4eefd639b184d1f2cb77a581ea0be8947
  subpackages:
  - unix
- name: gopkg.in/alecthomas/kingpin.v2
  version: e9044be3ab2a8e11d4e1f418d12f0790d57e8d70
- name: gopkg.in/bluesuncorp/validator.v5
  version: d5acf1dac43705f8bfbb71d878e290e2bed3950b
- name: gopkg.in/bsm/ratelimit.v1
  version: db14e161995a5177acef654cb0dd785e8ee8bc22
- name: gopkg.in/redis.v4
  version: 8a8d997ad58dc600d2ff0f64914102192f3b51ac
  subpackages:
  - internal
  - internal/consistenthash
  - internal/errors
  - internal/hashtag
  - internal/pool
  - internal/proto
- name: gopkg.in/redis.v5
  version: c9856861674f102a5f51104c36401a3cf691739c
  subpackages:
  - internal
  - internal/consistenthash
  - internal/hashtag
  - internal/pool
  - internal/proto
testImports:
- name: github.com/davecgh/go-spew
  version: 6d212800a42e8ab5c146b8ace3490ee17e5225f9
  subpackages:
  - spew
- name: github.com/pmezard/go-difflib
  version: d8ed2627bdf02c080bf22230dbb337003b7aba2d
  subpackages:
  - difflib
- name: github.com/stretchr/testify
  version: 69483b4bd14f5845b5a1e55bca19e954e827f1d0
  subpackages:
  - assert
