hash: 50d928571b227e4489116d27070f1bcce35379e7cae86e45a8e7ffde070eaac2
updated: 2016-07-27T00:08:54.3995412-04:00
imports:
- name: github.com/alecthomas/template
  version: a0175ee3bccc567396460bf5acd36800cb10c49c
  subpackages:
  - github.com\alecthomas\template
  - github.com\alecthomas\template\parse
- name: github.com/alecthomas/units
  version: 2efee857e7cfd4f3d0138cc3cbb1b4966962b93a
  subpackages:
  - github.com\alecthomas\units
- name: github.com/andybalholm/cascadia
  version: 3ad29d1ad1c4f2023e355603324348cf1f4b2d48
  subpackages:
  - github.com\andybalholm\cascadia
- name: github.com/boltdb/bolt
  version: dfb21201d9270c1082d5fb0f07f500311ff72f18
  subpackages:
  - github.com\boltdb\bolt
- name: github.com/bradfitz/gomemcache
  version: fb1f79c6b65acda83063cbc69f6bba1522558bfc
  subpackages:
  - memcache
  - github.com\bradfitz\gomemcache\memcache
- name: github.com/garyburd/redigo
  version: b8dc90050f24c1a73a52f107f3f575be67b21b7c
  subpackages:
  - redis
  - github.com\garyburd\redigo\redis
  - github.com\garyburd\redigo\internal
- name: github.com/gin-gonic/contrib
  version: 547e518040cfb96576b507d2f26779ab9c6fc829
  subpackages:
  - cache
  - github.com\gin-gonic\contrib\cache
- name: github.com/gin-gonic/gin
  version: f931d1ea80ae95a6fc739213cdd9399bd2967fb6
  subpackages:
  - github.com\gin-gonic\gin
  - github.com\gin-gonic\gin\binding
  - github.com\gin-gonic\gin\render
- name: github.com/gogo/protobuf
  version: c18eea6ad611eecf94a9ba38471f59706199409e
  subpackages:
  - github.com\gogo\protobuf\proto
- name: github.com/golang/protobuf
  version: 2402d76f3d41f928c7902a765dfc872356dd3aad
  subpackages:
  - github.com\golang\protobuf\proto
- name: github.com/influxdata/influxdb
  version: dd58101061a964bf36ff8222172399f255e52340
  subpackages:
  - github.com\influxdata\influxdb\client\v2
  - github.com\influxdata\influxdb\models
  - github.com\influxdata\influxdb\pkg\escape
- name: github.com/jmoiron/sqlx
  version: a7f971fe8ea891a1a74ddb40c623f5722e28e8a8
  subpackages:
  - github.com\jmoiron\sqlx
  - github.com\jmoiron\sqlx\reflectx
- name: github.com/jpillora/backoff
  version: 0496a6c14df020789376f4d4a261273d5ddb36ec
  subpackages:
  - github.com\jpillora\backoff
- name: github.com/lib/pq
  version: ee1442bda7bd1b6a84e913bdb421cb1874ec629d
  subpackages:
  - github.com\lib\pq
  - github.com\lib\pq\oid
- name: github.com/manucorporat/sse
  version: ee05b128a739a0fb76c7ebd3ae4810c1de808d6d
  subpackages:
  - github.com\manucorporat\sse
- name: github.com/mattn/go-xmpp
  version: aeb80ddc4dc7a688339c4cb746e8a0d79f9a3812
  subpackages:
  - github.com\mattn\go-xmpp
- name: github.com/pborman/uuid
  version: c55201b036063326c5b1b89ccfe45a184973d073
  subpackages:
  - github.com\pborman\uuid
- name: github.com/pquerna/ffjson
  version: fa49a9f5832ba121db144795c147fe8449124aeb
  subpackages:
  - github.com\pquerna\ffjson\ffjson
  - github.com\pquerna\ffjson\fflib\v1
  - github.com\pquerna\ffjson\fflib\v1\internal
- name: github.com/PuerkitoBio/goquery
  version: aeecb06b1e04a72e7d3312468c5b92f6bb2f3459
  subpackages:
  - github.com\PuerkitoBio\goquery
- name: github.com/robfig/go-cache
  version: 9fc39e0dbf62c034ec4e45e6120fc69433a3ec51
  subpackages:
  - github.com\robfig\go-cache
- name: github.com/Sirupsen/logrus
  version: 6d9ae300aaf85d6acd2e5424081c7fcddb21dab8
  subpackages:
  - github.com\Sirupsen\logrus
- name: github.com/tevjef/go-gcm
  version: 9195be04c34ea15caf9ad2e85c228de00532a8c1
  subpackages:
  - github.com\tevjef\go-gcm
- name: golang.org/x/exp
  version: 0dc1be49343a5449f98e0d6d15e33008e154701b
  subpackages:
  - golang.org\x\exp\utf8string
- name: golang.org/x/net
  version: f315505cf3349909cdf013ea56690da34e96a451
  subpackages:
  - html
  - golang.org\x\net\html
  - golang.org\x\net\context
  - golang.org\x\net\html\atom
- name: golang.org/x/sys
  version: d4feaf1a7e61e1d9e79e6c4e76c6349e9cab0a03
  subpackages:
  - unix
  - golang.org\x\sys\unix
- name: gopkg.in/alecthomas/kingpin.v2
  version: 8cccfa8eb2e3183254457fb1749b2667fbc364c7
  subpackages:
  - gopkg.in\alecthomas\kingpin.v2
- name: gopkg.in/go-playground/validator.v8
  version: c193cecd124b5cc722d7ee5538e945bdb3348435
  subpackages:
  - gopkg.in\go-playground\validator.v8
- name: gopkg.in/yaml.v2
  version: a83829b6f1293c91addabc89d0571c246397bbf4
  subpackages:
  - gopkg.in\yaml.v2
devImports: []
