hash: 15af238deb022e053e01a7acde2f3dd15dca19e22ada7d0d12371c37b09a9ba5
updated: 2016-12-28T21:01:12.486023079-05:00
imports:
- name: github.com/boltdb/bolt
  version: ""
- name: github.com/gin-gonic/gin
  version: ""
- name: github.com/gogo/protobuf
  version: ""
  subpackages:
  - proto
- name: github.com/jmoiron/sqlx
  version: 557c8c50153837f0c2f08394cc9439baa32fd747
- name: github.com/lib/pq
  version: 557c8c50153837f0c2f08394cc9439baa32fd747
- name: github.com/pquerna/ffjson
  version: 557c8c50153837f0c2f08394cc9439baa32fd747
  subpackages:
  - ffjson
- name: github.com/PuerkitoBio/goquery
  version: ""
- name: github.com/Sirupsen/logrus
  version: ""
- name: github.com/tevjef/go-gcm
  version: ""
- name: github.com/tevjef/uct-core
  version: 7c17db5933e44e15b10fa96f42efae224c571a13
  subpackages:
  - common/conf
  - common/model
  - common/proxy
- name: golang.org/x/exp
  version: 557c8c50153837f0c2f08394cc9439baa32fd747
  subpackages:
  - utf8string
- name: golang.org/x/net
  version: 557c8c50153837f0c2f08394cc9439baa32fd747
  subpackages:
  - context
- name: gopkg.in/alecthomas/kingpin.v2
  version: ""
testImports:
- name: github.com/stretchr/testify
  version: ""
  subpackages:
  - assert
